
Microsoft Visual Studio Solution File, Format Version 12.00
# Visual Studio Version 16
VisualStudioVersion = 16.0.30907.101
MinimumVisualStudioVersion = 10.0.40219.1
Project("{FAE04EC0-301F-11D3-BF4B-00C04F79EFBC}") = "TypingGame", "TypingGame\TypingGame.csproj", "{1F164972-EA4B-43BE-8D05-BB240581837E}"
EndProject
Global
	GlobalSection(SolutionConfigurationPlatforms) = preSolution
		Debug|Any CPU = Debug|Any CPU
		Release|Any CPU = Release|Any CPU
	EndGlobalSection
	GlobalSection(ProjectConfigurationPlatforms) = postSolution
		{1F164972-EA4B-43BE-8D05-BB240581837E}.Debug|Any CPU.ActiveCfg = Debug|Any CPU
		{1F164972-EA4B-43BE-8D05-BB240581837E}.Debug|Any CPU.Build.0 = Debug|Any CPU
		{1F164972-EA4B-43BE-8D05-BB240581837E}.Release|Any CPU.ActiveCfg = Release|Any CPU
		{1F164972-EA4B-43BE-8D05-BB240581837E}.Release|Any CPU.Build.0 = Release|Any CPU
	EndGlobalSection
	GlobalSection(SolutionProperties) = preSolution
		HideSolutionNode = FALSE
	EndGlobalSection
	GlobalSection(ExtensibilityGlobals) = postSolution
		SolutionGuid = {B5063054-8243-4D8E-8544-8EAC3843B02B}
	EndGlobalSection
EndGlobal
